// !$*UTF8*$!
{
	archiveVersion = 1;
	classes = {
	};
	objectVersion = 77;
	objects = {

/* Begin PBXContainerItemProxy section */
		82FAD1312DFBAC770005D380 /* PBXContainerItemProxy */ = {
			isa = PBXContainerItemProxy;
			containerPortal = 82FAD1182DFBAC700005D380 /* Project object */;
			proxyType = 1;
			remoteGlobalIDString = 82FAD11F2DFBAC700005D380;
			remoteInfo = ois.equipe24;
		};
		82FAD13B2DFBAC770005D380 /* PBXContainerItemProxy */ = {
			isa = PBXContainerItemProxy;
			containerPortal = 82FAD1182DFBAC700005D380 /* Project object */;
			proxyType = 1;
			remoteGlobalIDString = 82FAD11F2DFBAC700005D380;
			remoteInfo = ois.equipe24;
		};
/* End PBXContainerItemProxy section */

/* Begin PBXFileReference section */
		82FAD1202DFBAC700005D380 /* ois.equipe24.app */ = {isa = PBXFileReference; explicitFileType = wrapper.application; includeInIndex = 0; path = ois.equipe24.app; sourceTree = BUILT_PRODUCTS_DIR; };
		82FAD1302DFBAC770005D380 /* ois.equipe24Tests.xctest */ = {isa = PBXFileReference; explicitFileType = wrapper.cfbundle; includeInIndex = 0; path = ois.equipe24Tests.xctest; sourceTree = BUILT_PRODUCTS_DIR; };
		82FAD13A2DFBAC770005D380 /* ois.equipe24UITests.xctest */ = {isa = PBXFileReference; explicitFileType = wrapper.cfbundle; includeInIndex = 0; path = ois.equipe24UITests.xctest; sourceTree = BUILT_PRODUCTS_DIR; };
/* End PBXFileReference section */

/* Begin PBXFileSystemSynchronizedRootGroup section */
		82FAD1222DFBAC700005D380 /* ois.equipe24 */ = {
			isa = PBXFileSystemSynchronizedRootGroup;
			path = ois.equipe24;
			sourceTree = "<group>";
		};
		82FAD1332DFBAC770005D380 /* ois.equipe24Tests */ = {
			isa = PBXFileSystemSynchronizedRootGroup;
			path = ois.equipe24Tests;
			sourceTree = "<group>";
		};
		82FAD13D2DFBAC770005D380 /* ois.equipe24UITests */ = {
			isa = PBXFileSystemSynchronizedRootGroup;
			path = ois.equipe24UITests;
			sourceTree = "<group>";
		};
/* End PBXFileSystemSynchronizedRootGroup section */

/* Begin PBXFrameworksBuildPhase section */
		82FAD11D2DFBAC700005D380 /* Frameworks */ = {
			isa = PBXFrameworksBuildPhase;
			buildActionMask = 2147483647;
			files = (
			);
			runOnlyForDeploymentPostprocessing = 0;
		};
		82FAD12D2DFBAC770005D380 /* Frameworks */ = {
			isa = PBXFrameworksBuildPhase;
			buildActionMask = 2147483647;
			files = (
			);
			runOnlyForDeploymentPostprocessing = 0;
		};
		82FAD1372DFBAC770005D380 /* Frameworks */ = {
			isa = PBXFrameworksBuildPhase;
			buildActionMask = 2147483647;
			files = (
			);
			runOnlyForDeploymentPostprocessing = 0;
		};
/* End PBXFrameworksBuildPhase section */

/* Begin PBXGroup section */
		82FAD1172DFBAC700005D380 = {
			isa = PBXGroup;
			children = (
				82FAD1222DFBAC700005D380 /* ois.equipe24 */,
				82FAD1332DFBAC770005D380 /* ois.equipe24Tests */,
				82FAD13D2DFBAC770005D380 /* ois.equipe24UITests */,
				82FAD1212DFBAC700005D380 /* Products */,
			);
			sourceTree = "<group>";
		};
		82FAD1212DFBAC700005D380 /* Products */ = {
			isa = PBXGroup;
			children = (
				82FAD1202DFBAC700005D380 /* ois.equipe24.app */,
				82FAD1302DFBAC770005D380 /* ois.equipe24Tests.xctest */,
				82FAD13A2DFBAC770005D380 /* ois.equipe24UITests.xctest */,
			);
			name = Products;
			sourceTree = "<group>";
		};
/* End PBXGroup section */

/* Begin PBXNativeTarget section */
		82FAD11F2DFBAC700005D380 /* ois.equipe24 */ = {
			isa = PBXNativeTarget;
			buildConfigurationList = 82FAD1442DFBAC770005D380 /* Build configuration list for PBXNativeTarget "ois.equipe24" */;
			buildPhases = (
				82FAD11C2DFBAC700005D380 /* Sources */,
				82FAD11D2DFBAC700005D380 /* Frameworks */,
				82FAD11E2DFBAC700005D380 /* Resources */,
			);
			buildRules = (
			);
			dependencies = (
			);
			fileSystemSynchronizedGroups = (
				82FAD1222DFBAC700005D380 /* ois.equipe24 */,
			);
			name = ois.equipe24;
			packageProductDependencies = (
			);
			productName = ois.equipe24;
			productReference = 82FAD1202DFBAC700005D380 /* ois.equipe24.app */;
			productType = "com.apple.product-type.application";
		};
		82FAD12F2DFBAC770005D380 /* ois.equipe24Tests */ = {
			isa = PBXNativeTarget;
			buildConfigurationList = 82FAD1472DFBAC770005D380 /* Build configuration list for PBXNativeTarget "ois.equipe24Tests" */;
			buildPhases = (
				82FAD12C2DFBAC770005D380 /* Sources */,
				82FAD12D2DFBAC770005D380 /* Frameworks */,
				82FAD12E2DFBAC770005D380 /* Resources */,
			);
			buildRules = (
			);
			dependencies = (
				82FAD1322DFBAC770005D380 /* PBXTargetDependency */,
			);
			fileSystemSynchronizedGroups = (
				82FAD1332DFBAC770005D380 /* ois.equipe24Tests */,
			);
			name = ois.equipe24Tests;
			packageProductDependencies = (
			);
			productName = ois.equipe24Tests;
			productReference = 82FAD1302DFBAC770005D380 /* ois.equipe24Tests.xctest */;
			productType = "com.apple.product-type.bundle.unit-test";
		};
		82FAD1392DFBAC770005D380 /* ois.equipe24UITests */ = {
			isa = PBXNativeTarget;
			buildConfigurationList = 82FAD14A2DFBAC770005D380 /* Build configuration list for PBXNativeTarget "ois.equipe24UITests" */;
			buildPhases = (
				82FAD1362DFBAC770005D380 /* Sources */,
				82FAD1372DFBAC770005D380 /* Frameworks */,
				82FAD1382DFBAC770005D380 /* Resources */,
			);
			buildRules = (
			);
			dependencies = (
				82FAD13C2DFBAC770005D380 /* PBXTargetDependency */,
			);
			fileSystemSynchronizedGroups = (
				82FAD13D2DFBAC770005D380 /* ois.equipe24UITests */,
			);
			name = ois.equipe24UITests;
			packageProductDependencies = (
			);
			productName = ois.equipe24UITests;
			productReference = 82FAD13A2DFBAC770005D380 /* ois.equipe24UITests.xctest */;
			productType = "com.apple.product-type.bundle.ui-testing";
		};
/* End PBXNativeTarget section */

/* Begin PBXProject section */
		82FAD1182DFBAC700005D380 /* Project object */ = {
			isa = PBXProject;
			attributes = {
				BuildIndependentTargetsInParallel = 1;
				LastSwiftUpdateCheck = 1610;
				LastUpgradeCheck = 1610;
				TargetAttributes = {
					82FAD11F2DFBAC700005D380 = {
						CreatedOnToolsVersion = 16.1;
					};
					82FAD12F2DFBAC770005D380 = {
						CreatedOnToolsVersion = 16.1;
						TestTargetID = 82FAD11F2DFBAC700005D380;
					};
					82FAD1392DFBAC770005D380 = {
						CreatedOnToolsVersion = 16.1;
						TestTargetID = 82FAD11F2DFBAC700005D380;
					};
				};
			};
			buildConfigurationList = 82FAD11B2DFBAC700005D380 /* Build configuration list for PBXProject "ois.equipe24" */;
			developmentRegion = en;
			hasScannedForEncodings = 0;
			knownRegions = (
				en,
				Base,
			);
			mainGroup = 82FAD1172DFBAC700005D380;
			minimizedProjectReferenceProxies = 1;
			preferredProjectObjectVersion = 77;
			productRefGroup = 82FAD1212DFBAC700005D380 /* Products */;
			projectDirPath = "";
			projectRoot = "";
			targets = (
				82FAD11F2DFBAC700005D380 /* ois.equipe24 */,
				82FAD12F2DFBAC770005D380 /* ois.equipe24Tests */,
				82FAD1392DFBAC770005D380 /* ois.equipe24UITests */,
			);
		};
/* End PBXProject section */

/* Begin PBXResourcesBuildPhase section */
		82FAD11E2DFBAC700005D380 /* Resources */ = {
			isa = PBXResourcesBuildPhase;
			buildActionMask = 2147483647;
			files = (
			);
			runOnlyForDeploymentPostprocessing = 0;
		};
		82FAD12E2DFBAC770005D380 /* Resources */ = {
			isa = PBXResourcesBuildPhase;
			buildActionMask = 2147483647;
			files = (
			);
			runOnlyForDeploymentPostprocessing = 0;
		};
		82FAD1382DFBAC770005D380 /* Resources */ = {
			isa = PBXResourcesBuildPhase;
			buildActionMask = 2147483647;
			files = (
			);
			runOnlyForDeploymentPostprocessing = 0;
		};
/* End PBXResourcesBuildPhase section */

/* Begin PBXSourcesBuildPhase section */
		82FAD11C2DFBAC700005D380 /* Sources */ = {
			isa = PBXSourcesBuildPhase;
			buildActionMask = 2147483647;
			files = (
			);
			runOnlyForDeploymentPostprocessing = 0;
		};
		82FAD12C2DFBAC770005D380 /* Sources */ = {
			isa = PBXSourcesBuildPhase;
			buildActionMask = 2147483647;
			files = (
			);
			runOnlyForDeploymentPostprocessing = 0;
		};
		82FAD1362DFBAC770005D380 /* Sources */ = {
			isa = PBXSourcesBuildPhase;
			buildActionMask = 2147483647;
			files = (
			);
			runOnlyForDeploymentPostprocessing = 0;
		};
/* End PBXSourcesBuildPhase section */

/* Begin PBXTargetDependency section */
		82FAD1322DFBAC770005D380 /* PBXTargetDependency */ = {
			isa = PBXTargetDependency;
			target = 82FAD11F2DFBAC700005D380 /* ois.equipe24 */;
			targetProxy = 82FAD1312DFBAC770005D380 /* PBXContainerItemProxy */;
		};
		82FAD13C2DFBAC770005D380 /* PBXTargetDependency */ = {
			isa = PBXTargetDependency;
			target = 82FAD11F2DFBAC700005D380 /* ois.equipe24 */;
			targetProxy = 82FAD13B2DFBAC770005D380 /* PBXContainerItemProxy */;
		};
/* End PBXTargetDependency section */

/* Begin XCBuildConfiguration section */
		82FAD1422DFBAC770005D380 /* Debug */ = {
			isa = XCBuildConfiguration;
			buildSettings = {
				ALWAYS_SEARCH_USER_PATHS = NO;
				ASSETCATALOG_COMPILER_GENERATE_SWIFT_ASSET_SYMBOL_EXTENSIONS = YES;
				CLANG_ANALYZER_NONNULL = YES;
				CLANG_ANALYZER_NUMBER_OBJECT_CONVERSION = YES_AGGRESSIVE;
				CLANG_CXX_LANGUAGE_STANDARD = "gnu++20";
				CLANG_ENABLE_MODULES = YES;
				CLANG_ENABLE_OBJC_ARC = YES;
				CLANG_ENABLE_OBJC_WEAK = YES;
				CLANG_WARN_BLOCK_CAPTURE_AUTORELEASING = YES;
				CLANG_WARN_BOOL_CONVERSION = YES;
				CLANG_WARN_COMMA = YES;
				CLANG_WARN_CONSTANT_CONVERSION = YES;
				CLANG_WARN_DEPRECATED_OBJC_IMPLEMENTATIONS = YES;
				CLANG_WARN_DIRECT_OBJC_ISA_USAGE = YES_ERROR;
				CLANG_WARN_DOCUMENTATION_COMMENTS = YES;
				CLANG_WARN_EMPTY_BODY = YES;
				CLANG_WARN_ENUM_CONVERSION = YES;
				CLANG_WARN_INFINITE_RECURSION = YES;
				CLANG_WARN_INT_CONVERSION = YES;
				CLANG_WARN_NON_LITERAL_NULL_CONVERSION = YES;
				CLANG_WARN_OBJC_IMPLICIT_RETAIN_SELF = YES;
				CLANG_WARN_OBJC_LITERAL_CONVERSION = YES;
				CLANG_WARN_OBJC_ROOT_CLASS = YES_ERROR;
				CLANG_WARN_QUOTED_INCLUDE_IN_FRAMEWORK_HEADER = YES;
				CLANG_WARN_RANGE_LOOP_ANALYSIS = YES;
				CLANG_WARN_STRICT_PROTOTYPES = YES;
				CLANG_WARN_SUSPICIOUS_MOVE = YES;
				CLANG_WARN_UNGUARDED_AVAILABILITY = YES_AGGRESSIVE;
				CLANG_WARN_UNREACHABLE_CODE = YES;
				CLANG_WARN__DUPLICATE_METHOD_MATCH = YES;
				COPY_PHASE_STRIP = NO;
				DEBUG_INFORMATION_FORMAT = dwarf;
				ENABLE_STRICT_OBJC_MSGSEND = YES;
				ENABLE_TESTABILITY = YES;
				ENABLE_USER_SCRIPT_SANDBOXING = YES;
				GCC_C_LANGUAGE_STANDARD = gnu17;
				GCC_DYNAMIC_NO_PIC = NO;
				GCC_NO_COMMON_BLOCKS = YES;
				GCC_OPTIMIZATION_LEVEL = 0;
				GCC_PREPROCESSOR_DEFINITIONS = (
					"DEBUG=1",
					"$(inherited)",
				);
				GCC_WARN_64_TO_32_BIT_CONVERSION = YES;
				GCC_WARN_ABOUT_RETURN_TYPE = YES_ERROR;
				GCC_WARN_UNDECLARED_SELECTOR = YES;
				GCC_WARN_UNINITIALIZED_AUTOS = YES_AGGRESSIVE;
				GCC_WARN_UNUSED_FUNCTION = YES;
				GCC_WARN_UNUSED_VARIABLE = YES;
				IPHONEOS_DEPLOYMENT_TARGET = 18.1;
				LOCALIZATION_PREFERS_STRING_CATALOGS = YES;
				MTL_ENABLE_DEBUG_INFO = INCLUDE_SOURCE;
				MTL_FAST_MATH = YES;
				ONLY_ACTIVE_ARCH = YES;
				SDKROOT = iphoneos;
				SWIFT_ACTIVE_COMPILATION_CONDITIONS = "DEBUG $(inherited)";
				SWIFT_OPTIMIZATION_LEVEL = "-Onone";
			};
			name = Debug;
		};
		82FAD1432DFBAC770005D380 /* Release */ = {
			isa = XCBuildConfiguration;
			buildSettings = {
				ALWAYS_SEARCH_USER_PATHS = NO;
				ASSETCATALOG_COMPILER_GENERATE_SWIFT_ASSET_SYMBOL_EXTENSIONS = YES;
				CLANG_ANALYZER_NONNULL = YES;
				CLANG_ANALYZER_NUMBER_OBJECT_CONVERSION = YES_AGGRESSIVE;
				CLANG_CXX_LANGUAGE_STANDARD = "gnu++20";
				CLANG_ENABLE_MODULES = YES;
				CLANG_ENABLE_OBJC_ARC = YES;
				CLANG_ENABLE_OBJC_WEAK = YES;
				CLANG_WARN_BLOCK_CAPTURE_AUTORELEASING = YES;
				CLANG_WARN_BOOL_CONVERSION = YES;
				CLANG_WARN_COMMA = YES;
				CLANG_WARN_CONSTANT_CONVERSION = YES;
				CLANG_WARN_DEPRECATED_OBJC_IMPLEMENTATIONS = YES;
				CLANG_WARN_DIRECT_OBJC_ISA_USAGE = YES_ERROR;
				CLANG_WARN_DOCUMENTATION_COMMENTS = YES;
				CLANG_WARN_EMPTY_BODY = YES;
				CLANG_WARN_ENUM_CONVERSION = YES;
				CLANG_WARN_INFINITE_RECURSION = YES;
				CLANG_WARN_INT_CONVERSION = YES;
				CLANG_WARN_NON_LITERAL_NULL_CONVERSION = YES;
				CLANG_WARN_OBJC_IMPLICIT_RETAIN_SELF = YES;
				CLANG_WARN_OBJC_LITERAL_CONVERSION = YES;
				CLANG_WARN_OBJC_ROOT_CLASS = YES_ERROR;
				CLANG_WARN_QUOTED_INCLUDE_IN_FRAMEWORK_HEADER = YES;
				CLANG_WARN_RANGE_LOOP_ANALYSIS = YES;
				CLANG_WARN_STRICT_PROTOTYPES = YES;
				CLANG_WARN_SUSPICIOUS_MOVE = YES;
				CLANG_WARN_UNGUARDED_AVAILABILITY = YES_AGGRESSIVE;
				CLANG_WARN_UNREACHABLE_CODE = YES;
				CLANG_WARN__DUPLICATE_METHOD_MATCH = YES;
				COPY_PHASE_STRIP = NO;
				DEBUG_INFORMATION_FORMAT = "dwarf-with-dsym";
				ENABLE_NS_ASSERTIONS = NO;
				ENABLE_STRICT_OBJC_MSGSEND = YES;
				ENABLE_USER_SCRIPT_SANDBOXING = YES;
				GCC_C_LANGUAGE_STANDARD = gnu17;
				GCC_NO_COMMON_BLOCKS = YES;
				GCC_WARN_64_TO_32_BIT_CONVERSION = YES;
				GCC_WARN_ABOUT_RETURN_TYPE = YES_ERROR;
				GCC_WARN_UNDECLARED_SELECTOR = YES;
				GCC_WARN_UNINITIALIZED_AUTOS = YES_AGGRESSIVE;
				GCC_WARN_UNUSED_FUNCTION = YES;
				GCC_WARN_UNUSED_VARIABLE = YES;
				IPHONEOS_DEPLOYMENT_TARGET = 18.1;
				LOCALIZATION_PREFERS_STRING_CATALOGS = YES;
				MTL_ENABLE_DEBUG_INFO = NO;
				MTL_FAST_MATH = YES;
				SDKROOT = iphoneos;
				SWIFT_COMPILATION_MODE = wholemodule;
				VALIDATE_PRODUCT = YES;
			};
			name = Release;
		};
		82FAD1452DFBAC770005D380 /* Debug */ = {
			isa = XCBuildConfiguration;
			buildSettings = {
				ASSETCATALOG_COMPILER_APPICON_NAME = AppIcon;
				ASSETCATALOG_COMPILER_GLOBAL_ACCENT_COLOR_NAME = AccentColor;
				CODE_SIGN_STYLE = Automatic;
				CURRENT_PROJECT_VERSION = 1;
				DEVELOPMENT_ASSET_PATHS = "\"ois.equipe24/Preview Content\"";
				ENABLE_PREVIEWS = YES;
				GENERATE_INFOPLIST_FILE = YES;
				INFOPLIST_KEY_UIApplicationSceneManifest_Generation = YES;
				INFOPLIST_KEY_UIApplicationSupportsIndirectInputEvents = YES;
				INFOPLIST_KEY_UILaunchScreen_Generation = YES;
				INFOPLIST_KEY_UISupportedInterfaceOrientations_iPad = "UIInterfaceOrientationPortrait UIInterfaceOrientationPortraitUpsideDown UIInterfaceOrientationLandscapeLeft UIInterfaceOrientationLandscapeRight";
				INFOPLIST_KEY_UISupportedInterfaceOrientations_iPhone = "UIInterfaceOrientationPortrait UIInterfaceOrientationLandscapeLeft UIInterfaceOrientationLandscapeRight";
				LD_RUNPATH_SEARCH_PATHS = (
					"$(inherited)",
					"@executable_path/Frameworks",
				);
				MARKETING_VERSION = 1.0;
				PRODUCT_BUNDLE_IDENTIFIER = "co.equipe24.ois-equipe24";
				PRODUCT_NAME = "$(TARGET_NAME)";
				SWIFT_EMIT_LOC_STRINGS = YES;
				SWIFT_VERSION = 5.0;
				TARGETED_DEVICE_FAMILY = "1,2";
			};
			name = Debug;
		};
		82FAD1462DFBAC770005D380 /* Release */ = {
			isa = XCBuildConfiguration;
			buildSettings = {
				ASSETCATALOG_COMPILER_APPICON_NAME = AppIcon;
				ASSETCATALOG_COMPILER_GLOBAL_ACCENT_COLOR_NAME = AccentColor;
				CODE_SIGN_STYLE = Automatic;
				CURRENT_PROJECT_VERSION = 1;
				DEVELOPMENT_ASSET_PATHS = "\"ois.equipe24/Preview Content\"";
				ENABLE_PREVIEWS = YES;
				GENERATE_INFOPLIST_FILE = YES;
				INFOPLIST_KEY_UIApplicationSceneManifest_Generation = YES;
				INFOPLIST_KEY_UIApplicationSupportsIndirectInputEvents = YES;
				INFOPLIST_KEY_UILaunchScreen_Generation = YES;
				INFOPLIST_KEY_UISupportedInterfaceOrientations_iPad = "UIInterfaceOrientationPortrait UIInterfaceOrientationPortraitUpsideDown UIInterfaceOrientationLandscapeLeft UIInterfaceOrientationLandscapeRight";
				INFOPLIST_KEY_UISupportedInterfaceOrientations_iPhone = "UIInterfaceOrientationPortrait UIInterfaceOrientationLandscapeLeft UIInterfaceOrientationLandscapeRight";
				LD_RUNPATH_SEARCH_PATHS = (
					"$(inherited)",
					"@executable_path/Frameworks",
				);
				MARKETING_VERSION = 1.0;
				PRODUCT_BUNDLE_IDENTIFIER = "co.equipe24.ois-equipe24";
				PRODUCT_NAME = "$(TARGET_NAME)";
				SWIFT_EMIT_LOC_STRINGS = YES;
				SWIFT_VERSION = 5.0;
				TARGETED_DEVICE_FAMILY = "1,2";
			};
			name = Release;
		};
		82FAD1482DFBAC770005D380 /* Debug */ = {
			isa = XCBuildConfiguration;
			buildSettings = {
				BUNDLE_LOADER = "$(TEST_HOST)";
				CODE_SIGN_STYLE = Automatic;
				CURRENT_PROJECT_VERSION = 1;
				GENERATE_INFOPLIST_FILE = YES;
				IPHONEOS_DEPLOYMENT_TARGET = 18.1;
				MARKETING_VERSION = 1.0;
				PRODUCT_BUNDLE_IDENTIFIER = "co.equipe24.ois-equipe24Tests";
				PRODUCT_NAME = "$(TARGET_NAME)";
				SWIFT_EMIT_LOC_STRINGS = NO;
				SWIFT_VERSION = 5.0;
				TARGETED_DEVICE_FAMILY = "1,2";
				TEST_HOST = "$(BUILT_PRODUCTS_DIR)/ois.equipe24.app/$(BUNDLE_EXECUTABLE_FOLDER_PATH)/ois.equipe24";
			};
			name = Debug;
		};
		82FAD1492DFBAC770005D380 /* Release */ = {
			isa = XCBuildConfiguration;
			buildSettings = {
				BUNDLE_LOADER = "$(TEST_HOST)";
				CODE_SIGN_STYLE = Automatic;
				CURRENT_PROJECT_VERSION = 1;
				GENERATE_INFOPLIST_FILE = YES;
				IPHONEOS_DEPLOYMENT_TARGET = 18.1;
				MARKETING_VERSION = 1.0;
				PRODUCT_BUNDLE_IDENTIFIER = "co.equipe24.ois-equipe24Tests";
				PRODUCT_NAME = "$(TARGET_NAME)";
				SWIFT_EMIT_LOC_STRINGS = NO;
				SWIFT_VERSION = 5.0;
				TARGETED_DEVICE_FAMILY = "1,2";
				TEST_HOST = "$(BUILT_PRODUCTS_DIR)/ois.equipe24.app/$(BUNDLE_EXECUTABLE_FOLDER_PATH)/ois.equipe24";
			};
			name = Release;
		};
		82FAD14B2DFBAC770005D380 /* Debug */ = {
			isa = XCBuildConfiguration;
			buildSettings = {
				CODE_SIGN_STYLE = Automatic;
				CURRENT_PROJECT_VERSION = 1;
				GENERATE_INFOPLIST_FILE = YES;
				MARKETING_VERSION = 1.0;
				PRODUCT_BUNDLE_IDENTIFIER = "co.equipe24.ois-equipe24UITests";
				PRODUCT_NAME = "$(TARGET_NAME)";
				SWIFT_EMIT_LOC_STRINGS = NO;
				SWIFT_VERSION = 5.0;
				TARGETED_DEVICE_FAMILY = "1,2";
				TEST_TARGET_NAME = ois.equipe24;
			};
			name = Debug;
		};
		82FAD14C2DFBAC770005D380 /* Release */ = {
			isa = XCBuildConfiguration;
			buildSettings = {
				CODE_SIGN_STYLE = Automatic;
				CURRENT_PROJECT_VERSION = 1;
				GENERATE_INFOPLIST_FILE = YES;
				MARKETING_VERSION = 1.0;
				PRODUCT_BUNDLE_IDENTIFIER = "co.equipe24.ois-equipe24UITests";
				PRODUCT_NAME = "$(TARGET_NAME)";
				SWIFT_EMIT_LOC_STRINGS = NO;
				SWIFT_VERSION = 5.0;
				TARGETED_DEVICE_FAMILY = "1,2";
				TEST_TARGET_NAME = ois.equipe24;
			};
			name = Release;
		};
/* End XCBuildConfiguration section */

/* Begin XCConfigurationList section */
		82FAD11B2DFBAC700005D380 /* Build configuration list for PBXProject "ois.equipe24" */ = {
			isa = XCConfigurationList;
			buildConfigurations = (
				82FAD1422DFBAC770005D380 /* Debug */,
				82FAD1432DFBAC770005D380 /* Release */,
			);
			defaultConfigurationIsVisible = 0;
			defaultConfigurationName = Release;
		};
		82FAD1442DFBAC770005D380 /* Build configuration list for PBXNativeTarget "ois.equipe24" */ = {
			isa = XCConfigurationList;
			buildConfigurations = (
				82FAD1452DFBAC770005D380 /* Debug */,
				82FAD1462DFBAC770005D380 /* Release */,
			);
			defaultConfigurationIsVisible = 0;
			defaultConfigurationName = Release;
		};
		82FAD1472DFBAC770005D380 /* Build configuration list for PBXNativeTarget "ois.equipe24Tests" */ = {
			isa = XCConfigurationList;
			buildConfigurations = (
				82FAD1482DFBAC770005D380 /* Debug */,
				82FAD1492DFBAC770005D380 /* Release */,
			);
			defaultConfigurationIsVisible = 0;
			defaultConfigurationName = Release;
		};
		82FAD14A2DFBAC770005D380 /* Build configuration list for PBXNativeTarget "ois.equipe24UITests" */ = {
			isa = XCConfigurationList;
			buildConfigurations = (
				82FAD14B2DFBAC770005D380 /* Debug */,
				82FAD14C2DFBAC770005D380 /* Release */,
			);
			defaultConfigurationIsVisible = 0;
			defaultConfigurationName = Release;
		};
/* End XCConfigurationList section */
	};
	rootObject = 82FAD1182DFBAC700005D380 /* Project object */;
}
